
Microsoft Visual Studio Solution File, Format Version 12.00
# Visual Studio 15
VisualStudioVersion = 15.0.26430.14
MinimumVisualStudioVersion = 10.0.40219.1
Project("{FAE04EC0-301F-11D3-BF4B-00C04F79EFBC}") = "EmployeeAdapterExample", "AdpterPatternCSharp\EmployeeAdapterExample.csproj", "{A1503EC1-01FE-4851-B736-7201E8A5B605}"
EndProject
Project("{FAE04EC0-301F-11D3-BF4B-00C04F79EFBC}") = "NumberGeneratorAdapterExample", "NumberGeneratorAdapterExample\NumberGeneratorAdapterExample.csproj", "{04AA3B74-4B01-402C-9911-0EFAE5C39848}"
EndProject
Global
	GlobalSection(SolutionConfigurationPlatforms) = preSolution
		Debug|Any CPU = Debug|Any CPU
		Release|Any CPU = Release|Any CPU
	EndGlobalSection
	GlobalSection(ProjectConfigurationPlatforms) = postSolution
		{A1503EC1-01FE-4851-B736-7201E8A5B605}.Debug|Any CPU.ActiveCfg = Debug|Any CPU
		{A1503EC1-01FE-4851-B736-7201E8A5B605}.Debug|Any CPU.Build.0 = Debug|Any CPU
		{A1503EC1-01FE-4851-B736-7201E8A5B605}.Release|Any CPU.ActiveCfg = Release|Any CPU
		{A1503EC1-01FE-4851-B736-7201E8A5B605}.Release|Any CPU.Build.0 = Release|Any CPU
		{04AA3B74-4B01-402C-9911-0EFAE5C39848}.Debug|Any CPU.ActiveCfg = Debug|Any CPU
		{04AA3B74-4B01-402C-9911-0EFAE5C39848}.Debug|Any CPU.Build.0 = Debug|Any CPU
		{04AA3B74-4B01-402C-9911-0EFAE5C39848}.Release|Any CPU.ActiveCfg = Release|Any CPU
		{04AA3B74-4B01-402C-9911-0EFAE5C39848}.Release|Any CPU.Build.0 = Release|Any CPU
	EndGlobalSection
	GlobalSection(SolutionProperties) = preSolution
		HideSolutionNode = FALSE
	EndGlobalSection
EndGlobal
